PODS:
  - AdColony (4.9.0)
  - AnyManagerSDK (3.0.0):
    - GoogleMobileAdsMediationAdColony
    - GoogleMobileAdsMediationAppLovin
    - GoogleMobileAdsMediationChartboost
    - GoogleMobileAdsMediationFacebook
    - GoogleMobileAdsMediationInMobi
    - GoogleMobileAdsMediationIronSource
    - GoogleMobileAdsMediationTapjoy
    - GoogleMobileAdsMediationUnity
    - GoogleMobileAdsMediationVungle
    - PersonalizedAdConsent
  - AppLovinSDK (11.11.3)
  - boost (1.76.0)
  - ChartboostSDK (9.4.0)
  - CocoaAsyncSocket (7.6.5)
  - DoubleConversion (1.1.6)
  - FBAudienceNetwork (6.14.0)
  - FBLazyVector (0.71.8)
  - FBReactNativeSpec (0.71.8):
    - RCT-Folly (= 2021.07.22.00)
    - RCTRequired (= 0.71.8)
    - RCTTypeSafety (= 0.71.8)
    - React-Core (= 0.71.8)
    - React-jsi (= 0.71.8)
    - ReactCommon/turbomodule/core (= 0.71.8)
  - Firebase (10.7.0):
    - Firebase/Core (= 10.7.0)
  - Firebase/Analytics (10.7.0):
    - Firebase/Core
  - Firebase/Auth (10.7.0):
    - Firebase/CoreOnly
    - FirebaseAuth (~> 10.7.0)
  - Firebase/Core (10.7.0):
    - Firebase/CoreOnly
    - FirebaseAnalytics (~> 10.7.0)
  - Firebase/CoreOnly (10.7.0):
    - FirebaseCore (= 10.7.0)
  - Firebase/Database (10.7.0):
    - Firebase/CoreOnly
    - FirebaseDatabase (~> 10.7.0)
  - Firebase/Messaging (10.7.0):
    - Firebase/CoreOnly
    - FirebaseMessaging (~> 10.7.0)
  - FirebaseAnalytics (10.7.0):
    - FirebaseAnalytics/AdIdSupport (= 10.7.0)
    - FirebaseCore (~> 10.0)
    - FirebaseInstallations (~> 10.0)
    - GoogleUtilities/AppDelegateSwizzler (~> 7.8)
    - GoogleUtilities/MethodSwizzler (~> 7.8)
    - GoogleUtilities/Network (~> 7.8)
    - "GoogleUtilities/NSData+zlib (~> 7.8)"
    - nanopb (< 2.30910.0, >= 2.30908.0)
  - FirebaseAnalytics/AdIdSupport (10.7.0):
    - FirebaseCore (~> 10.0)
    - FirebaseInstallations (~> 10.0)
    - GoogleAppMeasurement (= 10.7.0)
    - GoogleUtilities/AppDelegateSwizzler (~> 7.8)
    - GoogleUtilities/MethodSwizzler (~> 7.8)
    - GoogleUtilities/Network (~> 7.8)
    - "GoogleUtilities/NSData+zlib (~> 7.8)"
    - nanopb (< 2.30910.0, >= 2.30908.0)
  - FirebaseAuth (10.7.0):
    - FirebaseCore (~> 10.0)
    - GoogleUtilities/AppDelegateSwizzler (~> 7.8)
    - GoogleUtilities/Environment (~> 7.8)
    - GTMSessionFetcher/Core (< 4.0, >= 2.1)
  - FirebaseCore (10.7.0):
    - FirebaseCoreInternal (~> 10.0)
    - GoogleUtilities/Environment (~> 7.8)
    - GoogleUtilities/Logger (~> 7.8)
  - FirebaseCoreExtension (10.7.0):
    - FirebaseCore (~> 10.0)
  - FirebaseCoreInternal (10.16.0):
    - "GoogleUtilities/NSData+zlib (~> 7.8)"
  - FirebaseDatabase (10.7.0):
    - FirebaseCore (~> 10.0)
    - leveldb-library (~> 1.22)
  - FirebaseInstallations (10.16.0):
    - FirebaseCore (~> 10.0)
    - GoogleUtilities/Environment (~> 7.8)
    - GoogleUtilities/UserDefaults (~> 7.8)
    - PromisesObjC (~> 2.1)
  - FirebaseMessaging (10.7.0):
    - FirebaseCore (~> 10.0)
    - FirebaseInstallations (~> 10.0)
    - GoogleDataTransport (~> 9.2)
    - GoogleUtilities/AppDelegateSwizzler (~> 7.8)
    - GoogleUtilities/Environment (~> 7.8)
    - GoogleUtilities/Reachability (~> 7.8)
    - GoogleUtilities/UserDefaults (~> 7.8)
    - nanopb (< 2.30910.0, >= 2.30908.0)
  - Flipper (0.125.0):
    - Flipper-Folly (~> 2.6)
    - Flipper-RSocket (~> 1.4)
  - Flipper-Boost-iOSX (1.76.0.1.11)
  - Flipper-DoubleConversion (3.2.0.1)
  - Flipper-Fmt (7.1.7)
  - Flipper-Folly (2.6.10):
    - Flipper-Boost-iOSX
    - Flipper-DoubleConversion
    - Flipper-Fmt (= 7.1.7)
    - Flipper-Glog
    - libevent (~> 2.1.12)
    - OpenSSL-Universal (= 1.1.1100)
  - Flipper-Glog (0.5.0.5)
  - Flipper-PeerTalk (0.0.4)
  - Flipper-RSocket (1.4.3):
    - Flipper-Folly (~> 2.6)
  - FlipperKit (0.125.0):
    - FlipperKit/Core (= 0.125.0)
  - FlipperKit/Core (0.125.0):
    - Flipper (~> 0.125.0)
    - FlipperKit/CppBridge
    - FlipperKit/FBCxxFollyDynamicConvert
    - FlipperKit/FBDefines
    - FlipperKit/FKPortForwarding
    - SocketRocket (~> 0.6.0)
  - FlipperKit/CppBridge (0.125.0):
    - Flipper (~> 0.125.0)
  - FlipperKit/FBCxxFollyDynamicConvert (0.125.0):
    - Flipper-Folly (~> 2.6)
  - FlipperKit/FBDefines (0.125.0)
  - FlipperKit/FKPortForwarding (0.125.0):
    - CocoaAsyncSocket (~> 7.6)
    - Flipper-PeerTalk (~> 0.0.4)
  - FlipperKit/FlipperKitHighlightOverlay (0.125.0)
  - FlipperKit/FlipperKitLayoutHelpers (0.125.0):
    - FlipperKit/Core
    - FlipperKit/FlipperKitHighlightOverlay
    - FlipperKit/FlipperKitLayoutTextSearchable
  - FlipperKit/FlipperKitLayoutIOSDescriptors (0.125.0):
    - FlipperKit/Core
    - FlipperKit/FlipperKitHighlightOverlay
    - FlipperKit/FlipperKitLayoutHelpers
    - YogaKit (~> 1.18)
  - FlipperKit/FlipperKitLayoutPlugin (0.125.0):
    - FlipperKit/Core
    - FlipperKit/FlipperKitHighlightOverlay
    - FlipperKit/FlipperKitLayoutHelpers
    - FlipperKit/FlipperKitLayoutIOSDescriptors
    - FlipperKit/FlipperKitLayoutTextSearchable
    - YogaKit (~> 1.18)
  - FlipperKit/FlipperKitLayoutTextSearchable (0.125.0)
  - FlipperKit/FlipperKitNetworkPlugin (0.125.0):
    - FlipperKit/Core
  - FlipperKit/FlipperKitReactPlugin (0.125.0):
    - FlipperKit/Core
  - FlipperKit/FlipperKitUserDefaultsPlugin (0.125.0):
    - FlipperKit/Core
  - FlipperKit/SKIOSNetworkPlugin (0.125.0):
    - FlipperKit/Core
    - FlipperKit/FlipperKitNetworkPlugin
  - fmt (6.2.1)
  - glog (0.3.5)
  - Google-Maps-iOS-Utils (4.1.0):
    - Google-Maps-iOS-Utils/Clustering (= 4.1.0)
    - Google-Maps-iOS-Utils/Geometry (= 4.1.0)
    - Google-Maps-iOS-Utils/GeometryUtils (= 4.1.0)
    - Google-Maps-iOS-Utils/Heatmap (= 4.1.0)
    - Google-Maps-iOS-Utils/QuadTree (= 4.1.0)
    - GoogleMaps
  - Google-Maps-iOS-Utils/Clustering (4.1.0):
    - Google-Maps-iOS-Utils/QuadTree
    - GoogleMaps
  - Google-Maps-iOS-Utils/Geometry (4.1.0):
    - GoogleMaps
  - Google-Maps-iOS-Utils/GeometryUtils (4.1.0):
    - GoogleMaps
  - Google-Maps-iOS-Utils/Heatmap (4.1.0):
    - Google-Maps-iOS-Utils/QuadTree
    - GoogleMaps
  - Google-Maps-iOS-Utils/QuadTree (4.1.0):
    - GoogleMaps
  - Google-Mobile-Ads-SDK (10.9.0):
    - GoogleAppMeasurement (< 11.0, >= 7.0)
    - GoogleUserMessagingPlatform (>= 1.1)
  - GoogleAppMeasurement (10.7.0):
    - GoogleAppMeasurement/AdIdSupport (= 10.7.0)
    - GoogleUtilities/AppDelegateSwizzler (~> 7.8)
    - GoogleUtilities/MethodSwizzler (~> 7.8)
    - GoogleUtilities/Network (~> 7.8)
    - "GoogleUtilities/NSData+zlib (~> 7.8)"
    - nanopb (< 2.30910.0, >= 2.30908.0)
  - GoogleAppMeasurement/AdIdSupport (10.7.0):
    - GoogleAppMeasurement/WithoutAdIdSupport (= 10.7.0)
    - GoogleUtilities/AppDelegateSwizzler (~> 7.8)
    - GoogleUtilities/MethodSwizzler (~> 7.8)
    - GoogleUtilities/Network (~> 7.8)
    - "GoogleUtilities/NSData+zlib (~> 7.8)"
    - nanopb (< 2.30910.0, >= 2.30908.0)
  - GoogleAppMeasurement/WithoutAdIdSupport (10.7.0):
    - GoogleUtilities/AppDelegateSwizzler (~> 7.8)
    - GoogleUtilities/MethodSwizzler (~> 7.8)
    - GoogleUtilities/Network (~> 7.8)
    - "GoogleUtilities/NSData+zlib (~> 7.8)"
    - nanopb (< 2.30910.0, >= 2.30908.0)
  - GoogleDataTransport (9.2.5):
    - GoogleUtilities/Environment (~> 7.7)
    - nanopb (< 2.30910.0, >= 2.30908.0)
    - PromisesObjC (< 3.0, >= 1.2)
  - GoogleMaps (7.4.0):
    - GoogleMaps/Maps (= 7.4.0)
  - GoogleMaps/Base (7.4.0)
  - GoogleMaps/Maps (7.4.0):
    - GoogleMaps/Base
  - GoogleMobileAdsMediationAdColony (4.9.0.2):
    - AdColony (= 4.9.0)
    - Google-Mobile-Ads-SDK (~> 10.0)
  - GoogleMobileAdsMediationAppLovin (11.11.3.0):
    - AppLovinSDK (= 11.11.3)
    - Google-Mobile-Ads-SDK (~> 10.4)
  - GoogleMobileAdsMediationChartboost (9.4.0.0):
    - ChartboostSDK (= 9.4.0)
    - Google-Mobile-Ads-SDK (~> 10.4)
  - GoogleMobileAdsMediationFacebook (6.14.0.0):
    - FBAudienceNetwork (= 6.14.0)
    - Google-Mobile-Ads-SDK (~> 10.4)
  - GoogleMobileAdsMediationInMobi (10.5.8.0):
    - Google-Mobile-Ads-SDK (~> 10.4)
    - InMobiSDK (= 10.5.8)
  - GoogleMobileAdsMediationIronSource (7.5.0.0.0):
    - Google-Mobile-Ads-SDK (~> 10.4)
    - IronSourceSDK (= 7.5.0.0)
  - GoogleMobileAdsMediationTapjoy (13.2.1.0):
    - Google-Mobile-Ads-SDK (~> 10.4)
    - TapjoySDK (= 13.2.1)
  - GoogleMobileAdsMediationUnity (4.9.0.0):
    - Google-Mobile-Ads-SDK (~> 10.4)
    - UnityAds (= 4.9.0)
  - GoogleMobileAdsMediationVungle (7.1.0.0):
    - Google-Mobile-Ads-SDK (~> 10.4)
    - VungleAds (= 7.1.0)
  - GoogleUserMessagingPlatform (2.1.0)
  - GoogleUtilities (7.11.5):
    - GoogleUtilities/AppDelegateSwizzler (= 7.11.5)
    - GoogleUtilities/Environment (= 7.11.5)
    - GoogleUtilities/ISASwizzler (= 7.11.5)
    - GoogleUtilities/Logger (= 7.11.5)
    - GoogleUtilities/MethodSwizzler (= 7.11.5)
    - GoogleUtilities/Network (= 7.11.5)
    - "GoogleUtilities/NSData+zlib (= 7.11.5)"
    - GoogleUtilities/Reachability (= 7.11.5)
    - GoogleUtilities/SwizzlerTestHelpers (= 7.11.5)
    - GoogleUtilities/UserDefaults (= 7.11.5)
  - GoogleUtilities/AppDelegateSwizzler (7.11.5):
    - GoogleUtilities/Environment
    - GoogleUtilities/Logger
    - GoogleUtilities/Network
  - GoogleUtilities/Environment (7.11.5):
    - PromisesObjC (< 3.0, >= 1.2)
  - GoogleUtilities/ISASwizzler (7.11.5)
  - GoogleUtilities/Logger (7.11.5):
    - GoogleUtilities/Environment
  - GoogleUtilities/MethodSwizzler (7.11.5):
    - GoogleUtilities/Logger
  - GoogleUtilities/Network (7.11.5):
    - GoogleUtilities/Logger
    - "GoogleUtilities/NSData+zlib"
    - GoogleUtilities/Reachability
  - "GoogleUtilities/NSData+zlib (7.11.5)"
  - GoogleUtilities/Reachability (7.11.5):
    - GoogleUtilities/Logger
  - GoogleUtilities/SwizzlerTestHelpers (7.11.5):
    - GoogleUtilities/MethodSwizzler
  - GoogleUtilities/UserDefaults (7.11.5):
    - GoogleUtilities/Logger
  - GTMSessionFetcher/Core (3.1.1)
  - hermes-engine (0.71.8):
    - hermes-engine/Pre-built (= 0.71.8)
  - hermes-engine/Pre-built (0.71.8)
  - InMobiSDK (10.5.8)
  - IronSourceSDK (7.5.0.0)
  - leveldb-library (1.22.2)
  - libevent (2.1.12)
  - nanopb (2.30909.0):
    - nanopb/decode (= 2.30909.0)
    - nanopb/encode (= 2.30909.0)
  - nanopb/decode (2.30909.0)
  - nanopb/encode (2.30909.0)
  - OpenSSL-Universal (1.1.1100)
  - PersonalizedAdConsent (1.0.5)
  - PromisesObjC (2.3.1)
  - RCT-Folly (2021.07.22.00):
    - boost
    - DoubleConversion
    - fmt (~> 6.2.1)
    - glog
    - RCT-Folly/Default (= 2021.07.22.00)
  - RCT-Folly/Default (2021.07.22.00):
    - boost
    - DoubleConversion
    - fmt (~> 6.2.1)
    - glog
  - RCT-Folly/Futures (2021.07.22.00):
    - boost
    - DoubleConversion
    - fmt (~> 6.2.1)
    - glog
    - libevent
  - RCTRequired (0.71.8)
  - RCTTypeSafety (0.71.8):
    - FBLazyVector (= 0.71.8)
    - RCTRequired (= 0.71.8)
    - React-Core (= 0.71.8)
  - React (0.71.8):
    - React-Core (= 0.71.8)
    - React-Core/DevSupport (= 0.71.8)
    - React-Core/RCTWebSocket (= 0.71.8)
    - React-RCTActionSheet (= 0.71.8)
    - React-RCTAnimation (= 0.71.8)
    - React-RCTBlob (= 0.71.8)
    - React-RCTImage (= 0.71.8)
    - React-RCTLinking (= 0.71.8)
    - React-RCTNetwork (= 0.71.8)
    - React-RCTSettings (= 0.71.8)
    - React-RCTText (= 0.71.8)
    - React-RCTVibration (= 0.71.8)
  - React-callinvoker (0.71.8)
  - React-Codegen (0.71.8):
    - FBReactNativeSpec
    - hermes-engine
    - RCT-Folly
    - RCTRequired
    - RCTTypeSafety
    - React-Core
    - React-jsi
    - React-jsiexecutor
    - ReactCommon/turbomodule/bridging
    - ReactCommon/turbomodule/core
  - React-Core (0.71.8):
    - glog
    - hermes-engine
    - RCT-Folly (= 2021.07.22.00)
    - React-Core/Default (= 0.71.8)
    - React-cxxreact (= 0.71.8)
    - React-hermes
    - React-jsi (= 0.71.8)
    - React-jsiexecutor (= 0.71.8)
    - React-perflogger (= 0.71.8)
    - Yoga
  - React-Core/CoreModulesHeaders (0.71.8):
    - glog
    - hermes-engine
    - RCT-Folly (= 2021.07.22.00)
    - React-Core/Default
    - React-cxxreact (= 0.71.8)
    - React-hermes
    - React-jsi (= 0.71.8)
    - React-jsiexecutor (= 0.71.8)
    - React-perflogger (= 0.71.8)
    - Yoga
  - React-Core/Default (0.71.8):
    - glog
    - hermes-engine
    - RCT-Folly (= 2021.07.22.00)
    - React-cxxreact (= 0.71.8)
    - React-hermes
    - React-jsi (= 0.71.8)
    - React-jsiexecutor (= 0.71.8)
    - React-perflogger (= 0.71.8)
    - Yoga
  - React-Core/DevSupport (0.71.8):
    - glog
    - hermes-engine
    - RCT-Folly (= 2021.07.22.00)
    - React-Core/Default (= 0.71.8)
    - React-Core/RCTWebSocket (= 0.71.8)
    - React-cxxreact (= 0.71.8)
    - React-hermes
    - React-jsi (= 0.71.8)
    - React-jsiexecutor (= 0.71.8)
    - React-jsinspector (= 0.71.8)
    - React-perflogger (= 0.71.8)
    - Yoga
  - React-Core/RCTActionSheetHeaders (0.71.8):
    - glog
    - hermes-engine
    - RCT-Folly (= 2021.07.22.00)
    - React-Core/Default
    - React-cxxreact (= 0.71.8)
    - React-hermes
    - React-jsi (= 0.71.8)
    - React-jsiexecutor (= 0.71.8)
    - React-perflogger (= 0.71.8)
    - Yoga
  - React-Core/RCTAnimationHeaders (0.71.8):
    - glog
    - hermes-engine
    - RCT-Folly (= 2021.07.22.00)
    - React-Core/Default
    - React-cxxreact (= 0.71.8)
    - React-hermes
    - React-jsi (= 0.71.8)
    - React-jsiexecutor (= 0.71.8)
    - React-perflogger (= 0.71.8)
    - Yoga
  - React-Core/RCTBlobHeaders (0.71.8):
    - glog
    - hermes-engine
    - RCT-Folly (= 2021.07.22.00)
    - React-Core/Default
    - React-cxxreact (= 0.71.8)
    - React-hermes
    - React-jsi (= 0.71.8)
    - React-jsiexecutor (= 0.71.8)
    - React-perflogger (= 0.71.8)
    - Yoga
  - React-Core/RCTImageHeaders (0.71.8):
    - glog
    - hermes-engine
    - RCT-Folly (= 2021.07.22.00)
    - React-Core/Default
    - React-cxxreact (= 0.71.8)
    - React-hermes
    - React-jsi (= 0.71.8)
    - React-jsiexecutor (= 0.71.8)
    - React-perflogger (= 0.71.8)
    - Yoga
  - React-Core/RCTLinkingHeaders (0.71.8):
    - glog
    - hermes-engine
    - RCT-Folly (= 2021.07.22.00)
    - React-Core/Default
    - React-cxxreact (= 0.71.8)
    - React-hermes
    - React-jsi (= 0.71.8)
    - React-jsiexecutor (= 0.71.8)
    - React-perflogger (= 0.71.8)
    - Yoga
  - React-Core/RCTNetworkHeaders (0.71.8):
    - glog
    - hermes-engine
    - RCT-Folly (= 2021.07.22.00)
    - React-Core/Default
    - React-cxxreact (= 0.71.8)
    - React-hermes
    - React-jsi (= 0.71.8)
    - React-jsiexecutor (= 0.71.8)
    - React-perflogger (= 0.71.8)
    - Yoga
  - React-Core/RCTSettingsHeaders (0.71.8):
    - glog
    - hermes-engine
    - RCT-Folly (= 2021.07.22.00)
    - React-Core/Default
    - React-cxxreact (= 0.71.8)
    - React-hermes
    - React-jsi (= 0.71.8)
    - React-jsiexecutor (= 0.71.8)
    - React-perflogger (= 0.71.8)
    - Yoga
  - React-Core/RCTTextHeaders (0.71.8):
    - glog
    - hermes-engine
    - RCT-Folly (= 2021.07.22.00)
    - React-Core/Default
    - React-cxxreact (= 0.71.8)
    - React-hermes
    - React-jsi (= 0.71.8)
    - React-jsiexecutor (= 0.71.8)
    - React-perflogger (= 0.71.8)
    - Yoga
  - React-Core/RCTVibrationHeaders (0.71.8):
    - glog
    - hermes-engine
    - RCT-Folly (= 2021.07.22.00)
    - React-Core/Default
    - React-cxxreact (= 0.71.8)
    - React-hermes
    - React-jsi (= 0.71.8)
    - React-jsiexecutor (= 0.71.8)
    - React-perflogger (= 0.71.8)
    - Yoga
  - React-Core/RCTWebSocket (0.71.8):
    - glog
    - hermes-engine
    - RCT-Folly (= 2021.07.22.00)
    - React-Core/Default (= 0.71.8)
    - React-cxxreact (= 0.71.8)
    - React-hermes
    - React-jsi (= 0.71.8)
    - React-jsiexecutor (= 0.71.8)
    - React-perflogger (= 0.71.8)
    - Yoga
  - React-CoreModules (0.71.8):
    - RCT-Folly (= 2021.07.22.00)
    - RCTTypeSafety (= 0.71.8)
    - React-Codegen (= 0.71.8)
    - React-Core/CoreModulesHeaders (= 0.71.8)
    - React-jsi (= 0.71.8)
    - React-RCTBlob
    - React-RCTImage (= 0.71.8)
    - ReactCommon/turbomodule/core (= 0.71.8)
  - React-cxxreact (0.71.8):
    - boost (= 1.76.0)
    - DoubleConversion
    - glog
    - hermes-engine
    - RCT-Folly (= 2021.07.22.00)
    - React-callinvoker (= 0.71.8)
    - React-jsi (= 0.71.8)
    - React-jsinspector (= 0.71.8)
    - React-logger (= 0.71.8)
    - React-perflogger (= 0.71.8)
    - React-runtimeexecutor (= 0.71.8)
  - React-hermes (0.71.8):
    - DoubleConversion
    - glog
    - hermes-engine
    - RCT-Folly (= 2021.07.22.00)
    - RCT-Folly/Futures (= 2021.07.22.00)
    - React-cxxreact (= 0.71.8)
    - React-jsi
    - React-jsiexecutor (= 0.71.8)
    - React-jsinspector (= 0.71.8)
    - React-perflogger (= 0.71.8)
  - React-jsi (0.71.8):
    - boost (= 1.76.0)
    - DoubleConversion
    - glog
    - hermes-engine
    - RCT-Folly (= 2021.07.22.00)
  - React-jsiexecutor (0.71.8):
    - DoubleConversion
    - glog
    - hermes-engine
    - RCT-Folly (= 2021.07.22.00)
    - React-cxxreact (= 0.71.8)
    - React-jsi (= 0.71.8)
    - React-perflogger (= 0.71.8)
  - React-jsinspector (0.71.8)
  - React-logger (0.71.8):
    - glog
  - react-native-geolocation-service (5.3.1):
    - React
  - react-native-google-maps (1.8.0):
    - Google-Maps-iOS-Utils (= 4.1.0)
    - GoogleMaps (= 7.4.0)
    - React-Core
  - react-native-maps (1.8.0):
    - React-Core
  - react-native-safe-area-context (4.7.4):
    - React-Core
  - React-perflogger (0.71.8)
  - React-RCTActionSheet (0.71.8):
    - React-Core/RCTActionSheetHeaders (= 0.71.8)
  - React-RCTAnimation (0.71.8):
    - RCT-Folly (= 2021.07.22.00)
    - RCTTypeSafety (= 0.71.8)
    - React-Codegen (= 0.71.8)
    - React-Core/RCTAnimationHeaders (= 0.71.8)
    - React-jsi (= 0.71.8)
    - ReactCommon/turbomodule/core (= 0.71.8)
  - React-RCTAppDelegate (0.71.8):
    - RCT-Folly
    - RCTRequired
    - RCTTypeSafety
    - React-Core
    - ReactCommon/turbomodule/core
  - React-RCTBlob (0.71.8):
    - hermes-engine
    - RCT-Folly (= 2021.07.22.00)
    - React-Codegen (= 0.71.8)
    - React-Core/RCTBlobHeaders (= 0.71.8)
    - React-Core/RCTWebSocket (= 0.71.8)
    - React-jsi (= 0.71.8)
    - React-RCTNetwork (= 0.71.8)
    - ReactCommon/turbomodule/core (= 0.71.8)
  - React-RCTImage (0.71.8):
    - RCT-Folly (= 2021.07.22.00)
    - RCTTypeSafety (= 0.71.8)
    - React-Codegen (= 0.71.8)
    - React-Core/RCTImageHeaders (= 0.71.8)
    - React-jsi (= 0.71.8)
    - React-RCTNetwork (= 0.71.8)
    - ReactCommon/turbomodule/core (= 0.71.8)
  - React-RCTLinking (0.71.8):
    - React-Codegen (= 0.71.8)
    - React-Core/RCTLinkingHeaders (= 0.71.8)
    - React-jsi (= 0.71.8)
    - ReactCommon/turbomodule/core (= 0.71.8)
  - React-RCTNetwork (0.71.8):
    - RCT-Folly (= 2021.07.22.00)
    - RCTTypeSafety (= 0.71.8)
    - React-Codegen (= 0.71.8)
    - React-Core/RCTNetworkHeaders (= 0.71.8)
    - React-jsi (= 0.71.8)
    - ReactCommon/turbomodule/core (= 0.71.8)
  - React-RCTSettings (0.71.8):
    - RCT-Folly (= 2021.07.22.00)
    - RCTTypeSafety (= 0.71.8)
    - React-Codegen (= 0.71.8)
    - React-Core/RCTSettingsHeaders (= 0.71.8)
    - React-jsi (= 0.71.8)
    - ReactCommon/turbomodule/core (= 0.71.8)
  - React-RCTText (0.71.8):
    - React-Core/RCTTextHeaders (= 0.71.8)
  - React-RCTVibration (0.71.8):
    - RCT-Folly (= 2021.07.22.00)
    - React-Codegen (= 0.71.8)
    - React-Core/RCTVibrationHeaders (= 0.71.8)
    - React-jsi (= 0.71.8)
    - ReactCommon/turbomodule/core (= 0.71.8)
  - React-runtimeexecutor (0.71.8):
    - React-jsi (= 0.71.8)
  - ReactCommon/turbomodule/bridging (0.71.8):
    - DoubleConversion
    - glog
    - hermes-engine
    - RCT-Folly (= 2021.07.22.00)
    - React-callinvoker (= 0.71.8)
    - React-Core (= 0.71.8)
    - React-cxxreact (= 0.71.8)
    - React-jsi (= 0.71.8)
    - React-logger (= 0.71.8)
    - React-perflogger (= 0.71.8)
  - ReactCommon/turbomodule/core (0.71.8):
    - DoubleConversion
    - glog
    - hermes-engine
    - RCT-Folly (= 2021.07.22.00)
    - React-callinvoker (= 0.71.8)
    - React-Core (= 0.71.8)
    - React-cxxreact (= 0.71.8)
    - React-jsi (= 0.71.8)
    - React-logger (= 0.71.8)
    - React-perflogger (= 0.71.8)
  - RNCAsyncStorage (1.19.3):
    - React-Core
  - RNFBAnalytics (17.5.0):
    - Firebase/Analytics (= 10.7.0)
    - React-Core
    - RNFBApp
  - RNFBApp (17.5.0):
    - Firebase/CoreOnly (= 10.7.0)
    - React-Core
  - RNFBAuth (17.5.0):
    - Firebase/Auth (= 10.7.0)
    - React-Core
    - RNFBApp
  - RNFBDatabase (17.5.0):
    - Firebase/Database (= 10.7.0)
    - React-Core
    - RNFBApp
  - RNFBMessaging (18.6.0):
    - Firebase/Messaging (= 10.7.0)
    - FirebaseCoreExtension (= 10.7.0)
    - React-Core
    - RNFBApp
  - RNGestureHandler (2.13.4):
    - RCT-Folly (= 2021.07.22.00)
    - React-Core
  - RNGoogleMobileAds (11.7.0):
    - Google-Mobile-Ads-SDK (= 10.9.0)
    - GoogleUserMessagingPlatform (= 2.1.0)
    - RCT-Folly (= 2021.07.22.00)
    - React-Core
  - RNScreens (3.27.0):
    - RCT-Folly (= 2021.07.22.00)
    - React-Core
  - SocketRocket (0.6.1)
  - TapjoySDK (13.2.1)
  - UnityAds (4.9.0)
  - VungleAds (7.1.0)
  - Yoga (1.14.0)
  - YogaKit (1.18.1):
    - Yoga (~> 1.14)

DEPENDENCIES:
  - AnyManagerSDK (from `../node_modules`)
  - boost (from `../node_modules/react-native/third-party-podspecs/boost.podspec`)
  - DoubleConversion (from `../node_modules/react-native/third-party-podspecs/DoubleConversion.podspec`)
  - FBLazyVector (from `../node_modules/react-native/Libraries/FBLazyVector`)
  - FBReactNativeSpec (from `../node_modules/react-native/React/FBReactNativeSpec`)
  - Firebase
  - FirebaseCore
  - FirebaseCoreInternal
  - Flipper (= 0.125.0)
  - Flipper-Boost-iOSX (= 1.76.0.1.11)
  - Flipper-DoubleConversion (= 3.2.0.1)
  - Flipper-Fmt (= 7.1.7)
  - Flipper-Folly (= 2.6.10)
  - Flipper-Glog (= 0.5.0.5)
  - Flipper-PeerTalk (= 0.0.4)
  - Flipper-RSocket (= 1.4.3)
  - FlipperKit (= 0.125.0)
  - FlipperKit/Core (= 0.125.0)
  - FlipperKit/CppBridge (= 0.125.0)
  - FlipperKit/FBCxxFollyDynamicConvert (= 0.125.0)
  - FlipperKit/FBDefines (= 0.125.0)
  - FlipperKit/FKPortForwarding (= 0.125.0)
  - FlipperKit/FlipperKitHighlightOverlay (= 0.125.0)
  - FlipperKit/FlipperKitLayoutPlugin (= 0.125.0)
  - FlipperKit/FlipperKitLayoutTextSearchable (= 0.125.0)
  - FlipperKit/FlipperKitNetworkPlugin (= 0.125.0)
  - FlipperKit/FlipperKitReactPlugin (= 0.125.0)
  - FlipperKit/FlipperKitUserDefaultsPlugin (= 0.125.0)
  - FlipperKit/SKIOSNetworkPlugin (= 0.125.0)
  - glog (from `../node_modules/react-native/third-party-podspecs/glog.podspec`)
  - Google-Maps-iOS-Utils (from `https://github.com/Simon-TechForm/google-maps-ios-utils.git`, branch `feat/support-apple-silicon`)
  - GoogleUtilities
  - hermes-engine (from `../node_modules/react-native/sdks/hermes-engine/hermes-engine.podspec`)
  - libevent (~> 2.1.12)
  - OpenSSL-Universal (= 1.1.1100)
  - RCT-Folly (from `../node_modules/react-native/third-party-podspecs/RCT-Folly.podspec`)
  - RCTRequired (from `../node_modules/react-native/Libraries/RCTRequired`)
  - RCTTypeSafety (from `../node_modules/react-native/Libraries/TypeSafety`)
  - React (from `../node_modules/react-native/`)
  - React-callinvoker (from `../node_modules/react-native/ReactCommon/callinvoker`)
  - React-Codegen (from `build/generated/ios`)
  - React-Core (from `../node_modules/react-native/`)
  - React-Core/DevSupport (from `../node_modules/react-native/`)
  - React-Core/RCTWebSocket (from `../node_modules/react-native/`)
  - React-CoreModules (from `../node_modules/react-native/React/CoreModules`)
  - React-cxxreact (from `../node_modules/react-native/ReactCommon/cxxreact`)
  - React-hermes (from `../node_modules/react-native/ReactCommon/hermes`)
  - React-jsi (from `../node_modules/react-native/ReactCommon/jsi`)
  - React-jsiexecutor (from `../node_modules/react-native/ReactCommon/jsiexecutor`)
  - React-jsinspector (from `../node_modules/react-native/ReactCommon/jsinspector`)
  - React-logger (from `../node_modules/react-native/ReactCommon/logger`)
  - react-native-geolocation-service (from `../node_modules/react-native-geolocation-service`)
  - react-native-google-maps (from `../node_modules/react-native-maps`)
  - react-native-maps (from `../node_modules/react-native-maps`)
  - react-native-safe-area-context (from `../node_modules/react-native-safe-area-context`)
  - React-perflogger (from `../node_modules/react-native/ReactCommon/reactperflogger`)
  - React-RCTActionSheet (from `../node_modules/react-native/Libraries/ActionSheetIOS`)
  - React-RCTAnimation (from `../node_modules/react-native/Libraries/NativeAnimation`)
  - React-RCTAppDelegate (from `../node_modules/react-native/Libraries/AppDelegate`)
  - React-RCTBlob (from `../node_modules/react-native/Libraries/Blob`)
  - React-RCTImage (from `../node_modules/react-native/Libraries/Image`)
  - React-RCTLinking (from `../node_modules/react-native/Libraries/LinkingIOS`)
  - React-RCTNetwork (from `../node_modules/react-native/Libraries/Network`)
  - React-RCTSettings (from `../node_modules/react-native/Libraries/Settings`)
  - React-RCTText (from `../node_modules/react-native/Libraries/Text`)
  - React-RCTVibration (from `../node_modules/react-native/Libraries/Vibration`)
  - React-runtimeexecutor (from `../node_modules/react-native/ReactCommon/runtimeexecutor`)
  - ReactCommon/turbomodule/core (from `../node_modules/react-native/ReactCommon`)
  - "RNCAsyncStorage (from `../node_modules/@react-native-async-storage/async-storage`)"
  - "RNFBAnalytics (from `../node_modules/@react-native-firebase/analytics`)"
  - "RNFBApp (from `../node_modules/@react-native-firebase/app`)"
  - "RNFBAuth (from `../node_modules/@react-native-firebase/auth`)"
  - "RNFBDatabase (from `../node_modules/@react-native-firebase/database`)"
  - "RNFBMessaging (from `../node_modules/@react-native-firebase/messaging`)"
  - RNGestureHandler (from `../node_modules/react-native-gesture-handler`)
  - RNGoogleMobileAds (from `../node_modules/react-native-google-mobile-ads`)
  - RNScreens (from `../node_modules/react-native-screens`)
  - Yoga (from `../node_modules/react-native/ReactCommon/yoga`)

SPEC REPOS:
  trunk:
    - AdColony
    - AppLovinSDK
    - ChartboostSDK
    - CocoaAsyncSocket
    - FBAudienceNetwork
    - Firebase
    - FirebaseAnalytics
    - FirebaseAuth
    - FirebaseCore
    - FirebaseCoreExtension
    - FirebaseCoreInternal
    - FirebaseDatabase
    - FirebaseInstallations
    - FirebaseMessaging
    - Flipper
    - Flipper-Boost-iOSX
    - Flipper-DoubleConversion
    - Flipper-Fmt
    - Flipper-Folly
    - Flipper-Glog
    - Flipper-PeerTalk
    - Flipper-RSocket
    - FlipperKit
    - fmt
    - Google-Mobile-Ads-SDK
    - GoogleAppMeasurement
    - GoogleDataTransport
    - GoogleMaps
    - GoogleMobileAdsMediationAdColony
    - GoogleMobileAdsMediationAppLovin
    - GoogleMobileAdsMediationChartboost
    - GoogleMobileAdsMediationFacebook
    - GoogleMobileAdsMediationInMobi
    - GoogleMobileAdsMediationIronSource
    - GoogleMobileAdsMediationTapjoy
    - GoogleMobileAdsMediationUnity
    - GoogleMobileAdsMediationVungle
    - GoogleUserMessagingPlatform
    - GoogleUtilities
    - GTMSessionFetcher
    - InMobiSDK
    - IronSourceSDK
    - leveldb-library
    - libevent
    - nanopb
    - OpenSSL-Universal
    - PersonalizedAdConsent
    - PromisesObjC
    - SocketRocket
    - TapjoySDK
    - UnityAds
    - VungleAds
    - YogaKit

EXTERNAL SOURCES:
  AnyManagerSDK:
    :podspec: "../node_modules"
  boost:
    :podspec: "../node_modules/react-native/third-party-podspecs/boost.podspec"
  DoubleConversion:
    :podspec: "../node_modules/react-native/third-party-podspecs/DoubleConversion.podspec"
  FBLazyVector:
    :path: "../node_modules/react-native/Libraries/FBLazyVector"
  FBReactNativeSpec:
    :path: "../node_modules/react-native/React/FBReactNativeSpec"
  glog:
    :podspec: "../node_modules/react-native/third-party-podspecs/glog.podspec"
  Google-Maps-iOS-Utils:
    :branch: feat/support-apple-silicon
    :git: https://github.com/Simon-TechForm/google-maps-ios-utils.git
  hermes-engine:
    :podspec: "../node_modules/react-native/sdks/hermes-engine/hermes-engine.podspec"
  RCT-Folly:
    :podspec: "../node_modules/react-native/third-party-podspecs/RCT-Folly.podspec"
  RCTRequired:
    :path: "../node_modules/react-native/Libraries/RCTRequired"
  RCTTypeSafety:
    :path: "../node_modules/react-native/Libraries/TypeSafety"
  React:
    :path: "../node_modules/react-native/"
  React-callinvoker:
    :path: "../node_modules/react-native/ReactCommon/callinvoker"
  React-Codegen:
    :path: build/generated/ios
  React-Core:
    :path: "../node_modules/react-native/"
  React-CoreModules:
    :path: "../node_modules/react-native/React/CoreModules"
  React-cxxreact:
    :path: "../node_modules/react-native/ReactCommon/cxxreact"
  React-hermes:
    :path: "../node_modules/react-native/ReactCommon/hermes"
  React-jsi:
    :path: "../node_modules/react-native/ReactCommon/jsi"
  React-jsiexecutor:
    :path: "../node_modules/react-native/ReactCommon/jsiexecutor"
  React-jsinspector:
    :path: "../node_modules/react-native/ReactCommon/jsinspector"
  React-logger:
    :path: "../node_modules/react-native/ReactCommon/logger"
  react-native-geolocation-service:
    :path: "../node_modules/react-native-geolocation-service"
  react-native-google-maps:
    :path: "../node_modules/react-native-maps"
  react-native-maps:
    :path: "../node_modules/react-native-maps"
  react-native-safe-area-context:
    :path: "../node_modules/react-native-safe-area-context"
  React-perflogger:
    :path: "../node_modules/react-native/ReactCommon/reactperflogger"
  React-RCTActionSheet:
    :path: "../node_modules/react-native/Libraries/ActionSheetIOS"
  React-RCTAnimation:
    :path: "../node_modules/react-native/Libraries/NativeAnimation"
  React-RCTAppDelegate:
    :path: "../node_modules/react-native/Libraries/AppDelegate"
  React-RCTBlob:
    :path: "../node_modules/react-native/Libraries/Blob"
  React-RCTImage:
    :path: "../node_modules/react-native/Libraries/Image"
  React-RCTLinking:
    :path: "../node_modules/react-native/Libraries/LinkingIOS"
  React-RCTNetwork:
    :path: "../node_modules/react-native/Libraries/Network"
  React-RCTSettings:
    :path: "../node_modules/react-native/Libraries/Settings"
  React-RCTText:
    :path: "../node_modules/react-native/Libraries/Text"
  React-RCTVibration:
    :path: "../node_modules/react-native/Libraries/Vibration"
  React-runtimeexecutor:
    :path: "../node_modules/react-native/ReactCommon/runtimeexecutor"
  ReactCommon:
    :path: "../node_modules/react-native/ReactCommon"
  RNCAsyncStorage:
    :path: "../node_modules/@react-native-async-storage/async-storage"
  RNFBAnalytics:
    :path: "../node_modules/@react-native-firebase/analytics"
  RNFBApp:
    :path: "../node_modules/@react-native-firebase/app"
  RNFBAuth:
    :path: "../node_modules/@react-native-firebase/auth"
  RNFBDatabase:
    :path: "../node_modules/@react-native-firebase/database"
  RNFBMessaging:
    :path: "../node_modules/@react-native-firebase/messaging"
  RNGestureHandler:
    :path: "../node_modules/react-native-gesture-handler"
  RNGoogleMobileAds:
    :path: "../node_modules/react-native-google-mobile-ads"
  RNScreens:
    :path: "../node_modules/react-native-screens"
  Yoga:
    :path: "../node_modules/react-native/ReactCommon/yoga"

CHECKOUT OPTIONS:
  Google-Maps-iOS-Utils:
    :commit: 35d05d1eeb65682c1b271f4f3760d814fd946aa1
    :git: https://github.com/Simon-TechForm/google-maps-ios-utils.git

SPEC CHECKSUMS:
  AdColony: 4f3738dc633d7aaa8ec60729df973076cc8e97ed
  AnyManagerSDK: a09fedc79538022901120ac155f35f16add4ca75
  AppLovinSDK: 623ef78363c0dd2c3ff5446cde37e4920a96b7e0
  boost: 57d2868c099736d80fcd648bf211b4431e51a558
  ChartboostSDK: 53079774b4cd6aefd0805ec54a74f1ffd75b1317
  CocoaAsyncSocket: 065fd1e645c7abab64f7a6a2007a48038fdc6a99
  DoubleConversion: 5189b271737e1565bdce30deb4a08d647e3f5f54
  FBAudienceNetwork: 4d6223a9a88a22e9dca8c9e6c1829a8745b86228
  FBLazyVector: f637f31eacba90d4fdeff3fa41608b8f361c173b
  FBReactNativeSpec: 0d9a4f4de7ab614c49e98c00aedfd3bfbda33d59
  Firebase: 0219acf760880eeec8ce479895bd7767466d9f81
  FirebaseAnalytics: f8133442ee6f8512e28ff19e62ce15398bfaeace
  FirebaseAuth: dd64c01631df724b09f33e584625775c52f7d71f
  FirebaseCore: e317665b9d744727a97e623edbbed009320afdd7
  FirebaseCoreExtension: f17247ba8c61e4d3c8d136b5e2de3cb4ac6a85b6
  FirebaseCoreInternal: 26233f705cc4531236818a07ac84d20c333e505a
  FirebaseDatabase: 06195bac336b5e4c893ec04a111631a4cdb00178
  FirebaseInstallations: b822f91a61f7d1ba763e5ccc9d4f2e6f2ed3b3ee
  FirebaseMessaging: ac9062bcc35ed56e15a0241d8fd317022499baf8
  Flipper: 26fc4b7382499f1281eb8cb921e5c3ad6de91fe0
  Flipper-Boost-iOSX: fd1e2b8cbef7e662a122412d7ac5f5bea715403c
  Flipper-DoubleConversion: 2dc99b02f658daf147069aad9dbd29d8feb06d30
  Flipper-Fmt: 60cbdd92fc254826e61d669a5d87ef7015396a9b
  Flipper-Folly: 584845625005ff068a6ebf41f857f468decd26b3
  Flipper-Glog: 70c50ce58ddaf67dc35180db05f191692570f446
  Flipper-PeerTalk: 116d8f857dc6ef55c7a5a75ea3ceaafe878aadc9
  Flipper-RSocket: d9d9ade67cbecf6ac10730304bf5607266dd2541
  FlipperKit: cbdee19bdd4e7f05472a66ce290f1b729ba3cb86
  fmt: ff9d55029c625d3757ed641535fd4a75fedc7ce9
  glog: 04b94705f318337d7ead9e6d17c019bd9b1f6b1b
  Google-Maps-iOS-Utils: d3fdfd57db799771418f06189e33981597553aa8
  Google-Mobile-Ads-SDK: e81e8b009a182dc8dd14951782efdbb30a5e4510
  GoogleAppMeasurement: fe17c92a32207dd5cdd4e8d742767f2da74857f6
  GoogleDataTransport: 54dee9d48d14580407f8f5fbf2f496e92437a2f2
  GoogleMaps: 032f676450ba0779bd8ce16840690915f84e57ac
  GoogleMobileAdsMediationAdColony: 739e508a44288b54d59d4deb211340008d46d8f5
  GoogleMobileAdsMediationAppLovin: 33256929837133e3ee330847e77cbbdf3417a1fc
  GoogleMobileAdsMediationChartboost: b24427beb49f2d850b4dc5fa91dd9c9aa8a4e529
  GoogleMobileAdsMediationFacebook: 13b1e1b86cca4f186fdfa0ba50467479b842c342
  GoogleMobileAdsMediationInMobi: 7c270f07438138f96c8b30a3a8f890af39683a1a
  GoogleMobileAdsMediationIronSource: 972277f0bc18c805bc62e6698d9c59ab933b9b69
  GoogleMobileAdsMediationTapjoy: 37d0b8103a4f226341b4c73977d40dc5bbc91ad9
  GoogleMobileAdsMediationUnity: 628e8422a18838c679312361a6eb5b6162163477
  GoogleMobileAdsMediationVungle: 969f2f1b0a5adbe412a6e2e052797d839eadc4d6
  GoogleUserMessagingPlatform: dce302b8f1b84d6e945812ee7a15c3f65a102cbf
  GoogleUtilities: 13e2c67ede716b8741c7989e26893d151b2b2084
  GTMSessionFetcher: e8647203b65cee28c5f73d0f473d096653945e72
  hermes-engine: 47986d26692ae75ee7a17ab049caee8864f855de
  InMobiSDK: 7c9f534a2e96ccebdc5e8b7ed1f8ca4dd4a36643
  IronSourceSDK: e1fdf5a47699558742d0baaa70ca6f508e0fa786
  leveldb-library: f03246171cce0484482ec291f88b6d563699ee06
  libevent: 4049cae6c81cdb3654a443be001fb9bdceff7913
  nanopb: b552cce312b6c8484180ef47159bc0f65a1f0431
  OpenSSL-Universal: ebc357f1e6bc71fa463ccb2fe676756aff50e88c
  PersonalizedAdConsent: dbecabb3467df967c16d9cebc2ef4a8890e4bbd8
  PromisesObjC: c50d2056b5253dadbd6c2bea79b0674bd5a52fa4
  RCT-Folly: 424b8c9a7a0b9ab2886ffe9c3b041ef628fd4fb1
  RCTRequired: 8af6a32dfc2b65ec82193c2dee6e1011ff22ac2a
  RCTTypeSafety: bee9dd161c175896c680d47ef1d9eaacf2b587f4
  React: d850475db9ba8006a8b875d79e1e0d6ac8a0f8b6
  React-callinvoker: 6a0c75475ddc17c9ed54e4ff0478074a18fd7ab5
  React-Codegen: 786571642e87add634e7f4d299c85314ec6cc158
  React-Core: 1adfab153f59e4f56e09b97a153089f466d7b8aa
  React-CoreModules: 958d236715415d4ccdd5fa35c516cf0356637393
  React-cxxreact: 2e7a6283807ce8755c3d501735acd400bec3b5cd
  React-hermes: 8102c3112ba32207c3052619be8cfae14bf99d84
  React-jsi: dd29264f041a587e91f994e4be97e86c127742b2
  React-jsiexecutor: 747911ab5921641b4ed7e4900065896597142125
  React-jsinspector: c712f9e3bb9ba4122d6b82b4f906448b8a281580
  React-logger: 342f358b8decfbf8f272367f4eacf4b6154061be
  react-native-geolocation-service: 608e1da71a1ac31b4de64d9ef2815f697978c55b
  react-native-google-maps: 356b9d01da0920be13e4c4dc83673b30e8a22c16
  react-native-maps: f699e0753c22c4d5c3a44d03895b193a4dbca6c2
  react-native-safe-area-context: 2cd91d532de12acdb0a9cbc8d43ac72a8e4c897c
  React-perflogger: d21f182895de9d1b077f8a3cd00011095c8c9100
  React-RCTActionSheet: 0151f83ef92d2a7139bba7dfdbc8066632a6d47b
  React-RCTAnimation: 5ec9c0705bb2297549c120fe6473aa3e4a01e215
  React-RCTAppDelegate: 9895fd1b6d1176d88c4b10ddc169b2e1300c91f0
  React-RCTBlob: f3634eb45b6e7480037655e1ca93d1136ac984dd
  React-RCTImage: 3c12cb32dec49549ae62ed6cba4018db43841ffc
  React-RCTLinking: 310e930ee335ef25481b4a173d9edb64b77895f9
  React-RCTNetwork: b6837841fe88303b0c04c1e3c01992b30f1f5498
  React-RCTSettings: 600d91fe25fa7c16b0ff891304082440f2904b89
  React-RCTText: a0a19f749088280c6def5397ed6211b811e7eef3
  React-RCTVibration: 43ffd976a25f6057a7cf95ea3648ba4e00287f89
  React-runtimeexecutor: 7c51ae9d4b3e9608a2366e39ccaa606aa551b9ed
  ReactCommon: 85c98ab0a509e70bf5ee5d9715cf68dbf495b84c
  RNCAsyncStorage: c913ede1fa163a71cea118ed4670bbaaa4b511bb
  RNFBAnalytics: 3444df9286d36b630b5fae9283a5c797b524e437
  RNFBApp: 0d8bf86673bbad0524d1ceac3944d71ccf48a0e4
  RNFBAuth: a8f774e0dd28c1b0f4c3ab8a52333276b34fd3a4
  RNFBDatabase: 81640ecb1080b557406d87a27cb06422725286fd
  RNFBMessaging: adbcbbfefc48b05a7a1fcd86adcb623704e99e74
  RNGestureHandler: 6e46dde1f87e5f018a54fe5d40cd0e0b942b49ee
  RNGoogleMobileAds: e3762f57b48fd767d587dee9730a56fd5e7718e4
  RNScreens: 3c2d122f5e08c192e254c510b212306da97d2581
  SocketRocket: f32cd54efbe0f095c4d7594881e52619cfe80b17
  TapjoySDK: 0bcf164f99ceade18ca9f8314c30957c9042baf9
  UnityAds: 7ad8cbe9fb294aba005e508ccf803a8e5dbb2bbf
  VungleAds: e13f0ea8facb05d5511e31c5abcced79a82409e7
  Yoga: 065f0b74dba4832d6e328238de46eb72c5de9556
  YogaKit: f782866e155069a2cca2517aafea43200b01fd5a

PODFILE CHECKSUM: d11f68ec6d1e9b0416a4754ca2e785fcd82c2164

COCOAPODS: 1.11.3
